Microsoft Visual Studio Solution File, Format Version 12.00
# Visual Studio Version 17
VisualStudioVersion = 17.5.2.0
MinimumVisualStudioVersion = 10.0.40219.1
Project("{FAE04EC0-301F-11D3-BF4B-00C04F79EFBC}") = "jogoDeDados", "jogoDeDados.csproj", "{2A000EA7-4B9E-FB34-D2B2-70E3DE9FC224}"
EndProject
Global
	GlobalSection(SolutionConfigurationPlatforms) = preSolution
		Debug|Any CPU = Debug|Any CPU
		Release|Any CPU = Release|Any CPU
	EndGlobalSection
	GlobalSection(ProjectConfigurationPlatforms) = postSolution
		{2A000EA7-4B9E-FB34-D2B2-70E3DE9FC224}.Debug|Any CPU.ActiveCfg = Debug|Any CPU
		{2A000EA7-4B9E-FB34-D2B2-70E3DE9FC224}.Debug|Any CPU.Build.0 = Debug|Any CPU
		{2A000EA7-4B9E-FB34-D2B2-70E3DE9FC224}.Release|Any CPU.ActiveCfg = Release|Any CPU
		{2A000EA7-4B9E-FB34-D2B2-70E3DE9FC224}.Release|Any CPU.Build.0 = Release|Any CPU
	EndGlobalSection
	GlobalSection(SolutionProperties) = preSolution
		HideSolutionNode = FALSE
	EndGlobalSection
	GlobalSection(ExtensibilityGlobals) = postSolution
		SolutionGuid = {5121B6DE-8A97-49DE-B18D-A5A36CD53C08}
	EndGlobalSection
EndGlobal
